// !$*UTF8*$!
{
	archiveVersion = 1;
	classes = {
	};
	objectVersion = 48;
	objects = {

/* Begin PBXBuildFile section */
		F00C15741F9C7F46000F9B61 /* AppDelegate.swift in Sources */ = {isa = PBXBuildFile; fileRef = F00C15731F9C7F46000F9B61 /* AppDelegate.swift */; };
		F00C15761F9C7F46000F9B61 /* MainViewController.swift in Sources */ = {isa = PBXBuildFile; fileRef = F00C15751F9C7F46000F9B61 /* MainViewController.swift */; };
		F00C15791F9C7F46000F9B61 /* Main.storyboard in Resources */ = {isa = PBXBuildFile; fileRef = F00C15771F9C7F46000F9B61 /* Main.storyboard */; };
		F00C157B1F9C7F46000F9B61 /* Assets.xcassets in Resources */ = {isa = PBXBuildFile; fileRef = F00C157A1F9C7F46000F9B61 /* Assets.xcassets */; };
		F00C157E1F9C7F46000F9B61 /* LaunchScreen.storyboard in Resources */ = {isa = PBXBuildFile; fileRef = F00C157C1F9C7F46000F9B61 /* LaunchScreen.storyboard */; };
		F00C15861F9C80D8000F9B61 /* OverlayViewController.swift in Sources */ = {isa = PBXBuildFile; fileRef = F00C15851F9C80D8000F9B61 /* OverlayViewController.swift */; };
/* End PBXBuildFile section */

/* Begin PBXFileReference section */
		F00C15701F9C7F46000F9B61 /* OverlayTest.app */ = {isa = PBXFileReference; explicitFileType = wrapper.application; includeInIndex = 0; path = OverlayTest.app; sourceTree = BUILT_PRODUCTS_DIR; };
		F00C15731F9C7F46000F9B61 /* AppDelegate.swift */ = {isa = PBXFileReference; lastKnownFileType = sourcecode.swift; path = AppDelegate.swift; sourceTree = "<group>"; };
		F00C15751F9C7F46000F9B61 /* MainViewController.swift */ = {isa = PBXFileReference; lastKnownFileType = sourcecode.swift; path = MainViewController.swift; sourceTree = "<group>"; };
		F00C15781F9C7F46000F9B61 /* Base */ = {isa = PBXFileReference; lastKnownFileType = file.storyboard; name = Base; path = Base.lproj/Main.storyboard; sourceTree = "<group>"; };
		F00C157A1F9C7F46000F9B61 /* Assets.xcassets */ = {isa = PBXFileReference; lastKnownFileType = folder.assetcatalog; path = Assets.xcassets; sourceTree = "<group>"; };
		F00C157D1F9C7F46000F9B61 /* Base */ = {isa = PBXFileReference; lastKnownFileType = file.storyboard; name = Base; path = Base.lproj/LaunchScreen.storyboard; sourceTree = "<group>"; };
		F00C157F1F9C7F46000F9B61 /* Info.plist */ = {isa = PBXFileReference; lastKnownFileType = text.plist.xml; path = Info.plist; sourceTree = "<group>"; };
		F00C15851F9C80D8000F9B61 /* OverlayViewController.swift */ = {isa = PBXFileReference; lastKnownFileType = sourcecode.swift; path = OverlayViewController.swift; sourceTree = "<group>"; };
/* End PBXFileReference section */

/* Begin PBXFrameworksBuildPhase section */
		F00C156D1F9C7F46000F9B61 /* Frameworks */ = {
			isa = PBXFrameworksBuildPhase;
			buildActionMask = 2147483647;
			files = (
			);
			runOnlyForDeploymentPostprocessing = 0;
		};
/* End PBXFrameworksBuildPhase section */

/* Begin PBXGroup section */
		F00C15671F9C7F46000F9B61 = {
			isa = PBXGroup;
			children = (
				F00C15721F9C7F46000F9B61 /* OverlayTest */,
				F00C15711F9C7F46000F9B61 /* Products */,
			);
			sourceTree = "<group>";
		};
		F00C15711F9C7F46000F9B61 /* Products */ = {
			isa = PBXGroup;
			children = (
				F00C15701F9C7F46000F9B61 /* OverlayTest.app */,
			);
			name = Products;
			sourceTree = "<group>";
		};
		F00C15721F9C7F46000F9B61 /* OverlayTest */ = {
			isa = PBXGroup;
			children = (
				F00C15731F9C7F46000F9B61 /* AppDelegate.swift */,
				F00C15751F9C7F46000F9B61 /* MainViewController.swift */,
				F00C15851F9C80D8000F9B61 /* OverlayViewController.swift */,
				F00C15771F9C7F46000F9B61 /* Main.storyboard */,
				F00C157A1F9C7F46000F9B61 /* Assets.xcassets */,
				F00C157C1F9C7F46000F9B61 /* LaunchScreen.storyboard */,
				F00C157F1F9C7F46000F9B61 /* Info.plist */,
			);
			path = OverlayTest;
			sourceTree = "<group>";
		};
/* End PBXGroup section */

/* Begin PBXNativeTarget section */
		F00C156F1F9C7F46000F9B61 /* OverlayTest */ = {
			isa = PBXNativeTarget;
			buildConfigurationList = F00C15821F9C7F46000F9B61 /* Build configuration list for PBXNativeTarget "OverlayTest" */;
			buildPhases = (
				F00C156C1F9C7F46000F9B61 /* Sources */,
				F00C156D1F9C7F46000F9B61 /* Frameworks */,
				F00C156E1F9C7F46000F9B61 /* Resources */,
			);
			buildRules = (
			);
			dependencies = (
			);
			name = OverlayTest;
			productName = OverlayTest;
			productReference = F00C15701F9C7F46000F9B61 /* OverlayTest.app */;
			productType = "com.apple.product-type.application";
		};
/* End PBXNativeTarget section */

/* Begin PBXProject section */
		F00C15681F9C7F46000F9B61 /* Project object */ = {
			isa = PBXProject;
			attributes = {
				LastSwiftUpdateCheck = 0900;
				LastUpgradeCheck = 0900;
				ORGANIZATIONNAME = "Marius Montebaur";
				TargetAttributes = {
					F00C156F1F9C7F46000F9B61 = {
						CreatedOnToolsVersion = 9.0.1;
						ProvisioningStyle = Automatic;
					};
				};
			};
			buildConfigurationList = F00C156B1F9C7F46000F9B61 /* Build configuration list for PBXProject "OverlayTest" */;
			compatibilityVersion = "Xcode 8.0";
			developmentRegion = en;
			hasScannedForEncodings = 0;
			knownRegions = (
				en,
				Base,
			);
			mainGroup = F00C15671F9C7F46000F9B61;
			productRefGroup = F00C15711F9C7F46000F9B61 /* Products */;
			projectDirPath = "";
			projectRoot = "";
			targets = (
				F00C156F1F9C7F46000F9B61 /* OverlayTest */,
			);
		};
/* End PBXProject section */

/* Begin PBXResourcesBuildPhase section */
		F00C156E1F9C7F46000F9B61 /* Resources */ = {
			isa = PBXResourcesBuildPhase;
			buildActionMask = 2147483647;
			files = (
				F00C157E1F9C7F46000F9B61 /* LaunchScreen.storyboard in Resources */,
				F00C157B1F9C7F46000F9B61 /* Assets.xcassets in Resources */,
				F00C15791F9C7F46000F9B61 /* Main.storyboard in Resources */,
			);
			runOnlyForDeploymentPostprocessing = 0;
		};
/* End PBXResourcesBuildPhase section */

/* Begin PBXSourcesBuildPhase section */
		F00C156C1F9C7F46000F9B61 /* Sources */ = {
			isa = PBXSourcesBuildPhase;
			buildActionMask = 2147483647;
			files = (
				F00C15861F9C80D8000F9B61 /* OverlayViewController.swift in Sources */,
				F00C15761F9C7F46000F9B61 /* MainViewController.swift in Sources */,
				F00C15741F9C7F46000F9B61 /* AppDelegate.swift in Sources */,
			);
			runOnlyForDeploymentPostprocessing = 0;
		};
/* End PBXSourcesBuildPhase section */

/* Begin PBXVariantGroup section */
		F00C15771F9C7F46000F9B61 /* Main.storyboard */ = {
			isa = PBXVariantGroup;
			children = (
				F00C15781F9C7F46000F9B61 /* Base */,
			);
			name = Main.storyboard;
			sourceTree = "<group>";
		};
		F00C157C1F9C7F46000F9B61 /* LaunchScreen.storyboard */ = {
			isa = PBXVariantGroup;
			children = (
				F00C157D1F9C7F46000F9B61 /* Base */,
			);
			name = LaunchScreen.storyboard;
			sourceTree = "<group>";
		};
/* End PBXVariantGroup section */

/* Begin XCBuildConfiguration section */
		F00C15801F9C7F46000F9B61 /* Debug */ = {
			isa = XCBuildConfiguration;
			buildSettings = {
				ALWAYS_SEARCH_USER_PATHS = NO;
				CLANG_ANALYZER_NONNULL = YES;
				CLANG_ANALYZER_NUMBER_OBJECT_CONVERSION = YES_AGGRESSIVE;
				CLANG_CXX_LANGUAGE_STANDARD = "gnu++14";
				CLANG_CXX_LIBRARY = "libc++";
				CLANG_ENABLE_MODULES = YES;
				CLANG_ENABLE_OBJC_ARC = YES;
				CLANG_WARN_BLOCK_CAPTURE_AUTORELEASING = YES;
				CLANG_WARN_BOOL_CONVERSION = YES;
				CLANG_WARN_COMMA = YES;
				CLANG_WARN_CONSTANT_CONVERSION = YES;
				CLANG_WARN_DIRECT_OBJC_ISA_USAGE = YES_ERROR;
				CLANG_WARN_DOCUMENTATION_COMMENTS = YES;
				CLANG_WARN_EMPTY_BODY = YES;
				CLANG_WARN_ENUM_CONVERSION = YES;
				CLANG_WARN_INFINITE_RECURSION = YES;
				CLANG_WARN_INT_CONVERSION = YES;
				CLANG_WARN_NON_LITERAL_NULL_CONVERSION = YES;
				CLANG_WARN_OBJC_LITERAL_CONVERSION = YES;
				CLANG_WARN_OBJC_ROOT_CLASS = YES_ERROR;
				CLANG_WARN_RANGE_LOOP_ANALYSIS = YES;
				CLANG_WARN_STRICT_PROTOTYPES = YES;
				CLANG_WARN_SUSPICIOUS_MOVE = YES;
				CLANG_WARN_UNGUARDED_AVAILABILITY = YES_AGGRESSIVE;
				CLANG_WARN_UNREACHABLE_CODE = YES;
				CLANG_WARN__DUPLICATE_METHOD_MATCH = YES;
				CODE_SIGN_IDENTITY = "iPhone Developer";
				COPY_PHASE_STRIP = NO;
				DEBUG_INFORMATION_FORMAT = dwarf;
				ENABLE_STRICT_OBJC_MSGSEND = YES;
				ENABLE_TESTABILITY = YES;
				GCC_C_LANGUAGE_STANDARD = gnu11;
				GCC_DYNAMIC_NO_PIC = NO;
				GCC_NO_COMMON_BLOCKS = YES;
				GCC_OPTIMIZATION_LEVEL = 0;
				GCC_PREPROCESSOR_DEFINITIONS = (
					"DEBUG=1",
					"$(inherited)",
				);
				GCC_WARN_64_TO_32_BIT_CONVERSION = YES;
				GCC_WARN_ABOUT_RETURN_TYPE = YES_ERROR;
				GCC_WARN_UNDECLARED_SELECTOR = YES;
				GCC_WARN_UNINITIALIZED_AUTOS = YES_AGGRESSIVE;
				GCC_WARN_UNUSED_FUNCTION = YES;
				GCC_WARN_UNUSED_VARIABLE = YES;
				IPHONEOS_DEPLOYMENT_TARGET = 11.0;
				MTL_ENABLE_DEBUG_INFO = YES;
				ONLY_ACTIVE_ARCH = YES;
				SDKROOT = iphoneos;
				SWIFT_ACTIVE_COMPILATION_CONDITIONS = DEBUG;
				SWIFT_OPTIMIZATION_LEVEL = "-Onone";
			};
			name = Debug;
		};
		F00C15811F9C7F46000F9B61 /* Release */ = {
			isa = XCBuildConfiguration;
			buildSettings = {
				ALWAYS_SEARCH_USER_PATHS = NO;
				CLANG_ANALYZER_NONNULL = YES;
				CLANG_ANALYZER_NUMBER_OBJECT_CONVERSION = YES_AGGRESSIVE;
				CLANG_CXX_LANGUAGE_STANDARD = "gnu++14";
				CLANG_CXX_LIBRARY = "libc++";
				CLANG_ENABLE_MODULES = YES;
				CLANG_ENABLE_OBJC_ARC = YES;
				CLANG_WARN_BLOCK_CAPTURE_AUTORELEASING = YES;
				CLANG_WARN_BOOL_CONVERSION = YES;
				CLANG_WARN_COMMA = YES;
				CLANG_WARN_CONSTANT_CONVERSION = YES;
				CLANG_WARN_DIRECT_OBJC_ISA_USAGE = YES_ERROR;
				CLANG_WARN_DOCUMENTATION_COMMENTS = YES;
				CLANG_WARN_EMPTY_BODY = YES;
				CLANG_WARN_ENUM_CONVERSION = YES;
				CLANG_WARN_INFINITE_RECURSION = YES;
				CLANG_WARN_INT_CONVERSION = YES;
				CLANG_WARN_NON_LITERAL_NULL_CONVERSION = YES;
				CLANG_WARN_OBJC_LITERAL_CONVERSION = YES;
				CLANG_WARN_OBJC_ROOT_CLASS = YES_ERROR;
				CLANG_WARN_RANGE_LOOP_ANALYSIS = YES;
				CLANG_WARN_STRICT_PROTOTYPES = YES;
				CLANG_WARN_SUSPICIOUS_MOVE = YES;
				CLANG_WARN_UNGUARDED_AVAILABILITY = YES_AGGRESSIVE;
				CLANG_WARN_UNREACHABLE_CODE = YES;
				CLANG_WARN__DUPLICATE_METHOD_MATCH = YES;
				CODE_SIGN_IDENTITY = "iPhone Developer";
				COPY_PHASE_STRIP = NO;
				DEBUG_INFORMATION_FORMAT = "dwarf-with-dsym";
				ENABLE_NS_ASSERTIONS = NO;
				ENABLE_STRICT_OBJC_MSGSEND = YES;
				GCC_C_LANGUAGE_STANDARD = gnu11;
				GCC_NO_COMMON_BLOCKS = YES;
				GCC_WARN_64_TO_32_BIT_CONVERSION = YES;
				GCC_WARN_ABOUT_RETURN_TYPE = YES_ERROR;
				GCC_WARN_UNDECLARED_SELECTOR = YES;
				GCC_WARN_UNINITIALIZED_AUTOS = YES_AGGRESSIVE;
				GCC_WARN_UNUSED_FUNCTION = YES;
				GCC_WARN_UNUSED_VARIABLE = YES;
				IPHONEOS_DEPLOYMENT_TARGET = 11.0;
				MTL_ENABLE_DEBUG_INFO = NO;
				SDKROOT = iphoneos;
				SWIFT_OPTIMIZATION_LEVEL = "-Owholemodule";
				VALIDATE_PRODUCT = YES;
			};
			name = Release;
		};
		F00C15831F9C7F46000F9B61 /* Debug */ = {
			isa = XCBuildConfiguration;
			buildSettings = {
				ASSETCATALOG_COMPILER_APPICON_NAME = AppIcon;
				CODE_SIGN_STYLE = Automatic;
				DEVELOPMENT_TEAM = 6EU777982G;
				INFOPLIST_FILE = OverlayTest/Info.plist;
				LD_RUNPATH_SEARCH_PATHS = "$(inherited) @executable_path/Frameworks";
				PRODUCT_BUNDLE_IDENTIFIER = com.example.OverlayTest;
				PRODUCT_NAME = "$(TARGET_NAME)";
				SWIFT_VERSION = 4.0;
				TARGETED_DEVICE_FAMILY = "1,2";
			};
			name = Debug;
		};
		F00C15841F9C7F46000F9B61 /* Release */ = {
			isa = XCBuildConfiguration;
			buildSettings = {
				ASSETCATALOG_COMPILER_APPICON_NAME = AppIcon;
				CODE_SIGN_STYLE = Automatic;
				DEVELOPMENT_TEAM = 6EU777982G;
				INFOPLIST_FILE = OverlayTest/Info.plist;
				LD_RUNPATH_SEARCH_PATHS = "$(inherited) @executable_path/Frameworks";
				PRODUCT_BUNDLE_IDENTIFIER = com.example.OverlayTest;
				PRODUCT_NAME = "$(TARGET_NAME)";
				SWIFT_VERSION = 4.0;
				TARGETED_DEVICE_FAMILY = "1,2";
			};
			name = Release;
		};
/* End XCBuildConfiguration section */

/* Begin XCConfigurationList section */
		F00C156B1F9C7F46000F9B61 /* Build configuration list for PBXProject "OverlayTest" */ = {
			isa = XCConfigurationList;
			buildConfigurations = (
				F00C15801F9C7F46000F9B61 /* Debug */,
				F00C15811F9C7F46000F9B61 /* Release */,
			);
			defaultConfigurationIsVisible = 0;
			defaultConfigurationName = Release;
		};
		F00C15821F9C7F46000F9B61 /* Build configuration list for PBXNativeTarget "OverlayTest" */ = {
			isa = XCConfigurationList;
			buildConfigurations = (
				F00C15831F9C7F46000F9B61 /* Debug */,
				F00C15841F9C7F46000F9B61 /* Release */,
			);
			defaultConfigurationIsVisible = 0;
			defaultConfigurationName = Release;
		};
/* End XCConfigurationList section */
	};
	rootObject = F00C15681F9C7F46000F9B61 /* Project object */;
}
